
Microsoft Visual Studio Solution File, Format Version 12.00
# Visual Studio Version 17
VisualStudioVersion = 17.5.002.0
MinimumVisualStudioVersion = 10.0.40219.1
Project("{9A19103F-16F7-4668-BE54-9A1E7A4F7556}") = "DentalLab.Desktop", "DentalLab.Desktop.csproj", "{7BDACC24-3A69-489E-9ABD-76AE3FDFC5EF}"
EndProject
Global
	GlobalSection(SolutionConfigurationPlatforms) = preSolution
		Debug|Any CPU = Debug|Any CPU
		Release|Any CPU = Release|Any CPU
	EndGlobalSection
	GlobalSection(ProjectConfigurationPlatforms) = postSolution
		{7BDACC24-3A69-489E-9ABD-76AE3FDFC5EF}.Debug|Any CPU.ActiveCfg = Debug|Any CPU
		{7BDACC24-3A69-489E-9ABD-76AE3FDFC5EF}.Debug|Any CPU.Build.0 = Debug|Any CPU
		{7BDACC24-3A69-489E-9ABD-76AE3FDFC5EF}.Release|Any CPU.ActiveCfg = Release|Any CPU
		{7BDACC24-3A69-489E-9ABD-76AE3FDFC5EF}.Release|Any CPU.Build.0 = Release|Any CPU
	EndGlobalSection
	GlobalSection(SolutionProperties) = preSolution
		HideSolutionNode = FALSE
	EndGlobalSection
	GlobalSection(ExtensibilityGlobals) = postSolution
		SolutionGuid = {3597E4CC-DCC3-4559-9C4D-42B9A2504BAA}
	EndGlobalSection
EndGlobal
